
Microsoft Visual Studio Solution File, Format Version 12.00
# Visual Studio Version 17
VisualStudioVersion = 17.4.33122.133
MinimumVisualStudioVersion = 10.0.40219.1
Project("{FAE04EC0-301F-11D3-BF4B-00C04F79EFBC}") = "Lab12-kostki", "Lab12-kostki\Lab12-kostki.csproj", "{77EFB342-4220-44BE-9CD9-D4907BD25BE1}"
EndProject
Global
	GlobalSection(SolutionConfigurationPlatforms) = preSolution
		Debug|Any CPU = Debug|Any CPU
		Release|Any CPU = Release|Any CPU
	EndGlobalSection
	GlobalSection(ProjectConfigurationPlatforms) = postSolution
		{77EFB342-4220-44BE-9CD9-D4907BD25BE1}.Debug|Any CPU.ActiveCfg = Debug|Any CPU
		{77EFB342-4220-44BE-9CD9-D4907BD25BE1}.Debug|Any CPU.Build.0 = Debug|Any CPU
		{77EFB342-4220-44BE-9CD9-D4907BD25BE1}.Release|Any CPU.ActiveCfg = Release|Any CPU
		{77EFB342-4220-44BE-9CD9-D4907BD25BE1}.Release|Any CPU.Build.0 = Release|Any CPU
	EndGlobalSection
	GlobalSection(SolutionProperties) = preSolution
		HideSolutionNode = FALSE
	EndGlobalSection
	GlobalSection(ExtensibilityGlobals) = postSolution
		SolutionGuid = {F39D601B-E6E7-43F2-BCEC-51C4D34C8D9F}
	EndGlobalSection
EndGlobal
